# THIS IS AN AUTOGENERATED FILE. DO NOT EDIT THIS FILE DIRECTLY.
# yarn lockfile v1


bootstrap-material-design@4.1.1:
  version "4.1.1"
  resolved "https://registry.yarnpkg.com/bootstrap-material-design/-/bootstrap-material-design-4.1.1.tgz#87433db0bf64d6a0afb0f5faaa8606134c9d26d2"
  integrity sha1-h0M9sL9k1qCvsPX6qoYGE0ydJtI=

mdbootstrap@^4.19.1:
  version "4.19.1"
  resolved "https://registry.yarnpkg.com/mdbootstrap/-/mdbootstrap-4.19.1.tgz#91b8256951b061f735aa726fe78800e0a3c2fd01"
  integrity sha512-vzYd7UQ0H1tyJfDqCYwsAv+sxol/xRkJP/5FMhcdW3ZbN9xUnmWiSPHx3A6ddGxdOQbfJTWxT3G8M+I++Qdk6w==
